
Microsoft Visual Studio Solution File, Format Version 12.00
# Visual Studio Version 17
VisualStudioVersion = 17.4.33122.133
MinimumVisualStudioVersion = 10.0.40219.1
Project("{FAE04EC0-301F-11D3-BF4B-00C04F79EFBC}") = "Projekt2022", "Projekt2022.csproj", "{8A62A0B1-73DD-41F8-ABB2-8F3DE08E952A}"
EndProject
Global
	GlobalSection(SolutionConfigurationPlatforms) = preSolution
		Debug|Any CPU = Debug|Any CPU
		Release|Any CPU = Release|Any CPU
	EndGlobalSection
	GlobalSection(ProjectConfigurationPlatforms) = postSolution
		{8A62A0B1-73DD-41F8-ABB2-8F3DE08E952A}.Debug|Any CPU.ActiveCfg = Debug|Any CPU
		{8A62A0B1-73DD-41F8-ABB2-8F3DE08E952A}.Debug|Any CPU.Build.0 = Debug|Any CPU
		{8A62A0B1-73DD-41F8-ABB2-8F3DE08E952A}.Release|Any CPU.ActiveCfg = Release|Any CPU
		{8A62A0B1-73DD-41F8-ABB2-8F3DE08E952A}.Release|Any CPU.Build.0 = Release|Any CPU
	EndGlobalSection
	GlobalSection(SolutionProperties) = preSolution
		HideSolutionNode = FALSE
	EndGlobalSection
	GlobalSection(ExtensibilityGlobals) = postSolution
		SolutionGuid = {515E7227-4385-4EAF-9BF9-FAF457D1264B}
	EndGlobalSection
EndGlobal
